
Microsoft Visual Studio Solution File, Format Version 12.00
# Visual Studio 15
VisualStudioVersion = 15.0.28307.329
MinimumVisualStudioVersion = 10.0.40219.1
Project("{FAE04EC0-301F-11D3-BF4B-00C04F79EFBC}") = "Task1", "Task1\Task1.csproj", "{2608AF04-4681-4A32-82A9-F930E4546AE1}"
EndProject
Project("{FAE04EC0-301F-11D3-BF4B-00C04F79EFBC}") = "Task 2", "Task 2\Task 2.csproj", "{39EF18BA-972B-42AE-B5CC-079F091E4363}"
EndProject
Project("{FAE04EC0-301F-11D3-BF4B-00C04F79EFBC}") = "Task 3", "Task 3\Task 3.csproj", "{AEB81F1A-578A-413F-B767-BC85385672C4}"
EndProject
Project("{FAE04EC0-301F-11D3-BF4B-00C04F79EFBC}") = "Task 4", "Task 4\Task 4.csproj", "{DDC990C1-DF29-478F-B377-3D78E0D4B4BE}"
EndProject
Global
	GlobalSection(SolutionConfigurationPlatforms) = preSolution
		Debug|Any CPU = Debug|Any CPU
		Release|Any CPU = Release|Any CPU
	EndGlobalSection
	GlobalSection(ProjectConfigurationPlatforms) = postSolution
		{2608AF04-4681-4A32-82A9-F930E4546AE1}.Debug|Any CPU.ActiveCfg = Debug|Any CPU
		{2608AF04-4681-4A32-82A9-F930E4546AE1}.Debug|Any CPU.Build.0 = Debug|Any CPU
		{2608AF04-4681-4A32-82A9-F930E4546AE1}.Release|Any CPU.ActiveCfg = Release|Any CPU
		{2608AF04-4681-4A32-82A9-F930E4546AE1}.Release|Any CPU.Build.0 = Release|Any CPU
		{39EF18BA-972B-42AE-B5CC-079F091E4363}.Debug|Any CPU.ActiveCfg = Debug|Any CPU
		{39EF18BA-972B-42AE-B5CC-079F091E4363}.Debug|Any CPU.Build.0 = Debug|Any CPU
		{39EF18BA-972B-42AE-B5CC-079F091E4363}.Release|Any CPU.ActiveCfg = Release|Any CPU
		{39EF18BA-972B-42AE-B5CC-079F091E4363}.Release|Any CPU.Build.0 = Release|Any CPU
		{AEB81F1A-578A-413F-B767-BC85385672C4}.Debug|Any CPU.ActiveCfg = Debug|Any CPU
		{AEB81F1A-578A-413F-B767-BC85385672C4}.Debug|Any CPU.Build.0 = Debug|Any CPU
		{AEB81F1A-578A-413F-B767-BC85385672C4}.Release|Any CPU.ActiveCfg = Release|Any CPU
		{AEB81F1A-578A-413F-B767-BC85385672C4}.Release|Any CPU.Build.0 = Release|Any CPU
		{DDC990C1-DF29-478F-B377-3D78E0D4B4BE}.Debug|Any CPU.ActiveCfg = Debug|Any CPU
		{DDC990C1-DF29-478F-B377-3D78E0D4B4BE}.Debug|Any CPU.Build.0 = Debug|Any CPU
		{DDC990C1-DF29-478F-B377-3D78E0D4B4BE}.Release|Any CPU.ActiveCfg = Release|Any CPU
		{DDC990C1-DF29-478F-B377-3D78E0D4B4BE}.Release|Any CPU.Build.0 = Release|Any CPU
	EndGlobalSection
	GlobalSection(SolutionProperties) = preSolution
		HideSolutionNode = FALSE
	EndGlobalSection
	GlobalSection(ExtensibilityGlobals) = postSolution
		SolutionGuid = {731780BB-BB6D-412D-8387-9741A469CE83}
	EndGlobalSection
EndGlobal
